{
    "_readme": [
        "This file locks the dependencies of your project to a known state",
        "Read more about it at https://getcomposer.org/doc/01-basic-usage.md#composer-lock-the-lock-file",
        "This file is @generated automatically"
    ],
    "content-hash": "716f69211ce8f30b9d73a08989f643fd",
    "packages": [
        {
            "name": "liuliansen/httprequest",
            "version": "dev-master",
            "source": {
                "type": "git",
                "url": "https://github.com/liuliansen/httprequest.git",
                "reference": "a00fd959ce6b84a1d0763f1b288efafe6447a54d"
            },
            "dist": {
                "type": "zip",
                "url": "https://api.github.com/repos/liuliansen/httprequest/zipball/a00fd959ce6b84a1d0763f1b288efafe6447a54d",
                "reference": "a00fd959ce6b84a1d0763f1b288efafe6447a54d",
                "shasum": ""
            },
            "type": "library",
            "autoload": {
                "psr-4": {
                    "httprequest\\": "src/"
                }
            },
            "notification-url": "https://packagist.org/downloads/",
            "authors": [
                {
                    "name": "LianSen",
                    "email": "liansen@d3zz.com"
                }
            ],
            "description": "A PHP Http request library ",
            "time": "2018-01-26T03:51:28+00:00"
        }
    ],
    "packages-dev": [],
    "aliases": [],
    "minimum-stability": "dev",
    "stability-flags": {
        "liuliansen/httprequest": 20
    },
    "prefer-stable": false,
    "prefer-lowest": false,
    "platform": [],
    "platform-dev": []
}
